
Microsoft Visual Studio Solution File, Format Version 12.00
# Visual Studio Version 17
VisualStudioVersion = 17.14.36203.30 d17.14
MinimumVisualStudioVersion = 10.0.40219.1
Project("{FAE04EC0-301F-11D3-BF4B-00C04F79EFBC}") = "Project.UI", "Project.UI\Project.UI.csproj", "{F86DD774-C77C-4832-9635-CE669C714E2C}"
EndProject
Project("{FAE04EC0-301F-11D3-BF4B-00C04F79EFBC}") = "Project.API", "Project.API\Project.API.csproj", "{FD024A09-8C7A-4D9F-8290-381EDC62B2BF}"
EndProject
Project("{FAE04EC0-301F-11D3-BF4B-00C04F79EFBC}") = "Project.DataModel", "Project.DataModel\Project.DataModel.csproj", "{90B6F4C0-4A9A-4614-B783-4F3FC788A467}"
EndProject
Global
	GlobalSection(SolutionConfigurationPlatforms) = preSolution
		Debug|Any CPU = Debug|Any CPU
		Release|Any CPU = Release|Any CPU
	EndGlobalSection
	GlobalSection(ProjectConfigurationPlatforms) = postSolution
		{F86DD774-C77C-4832-9635-CE669C714E2C}.Debug|Any CPU.ActiveCfg = Debug|Any CPU
		{F86DD774-C77C-4832-9635-CE669C714E2C}.Debug|Any CPU.Build.0 = Debug|Any CPU
		{F86DD774-C77C-4832-9635-CE669C714E2C}.Release|Any CPU.ActiveCfg = Release|Any CPU
		{F86DD774-C77C-4832-9635-CE669C714E2C}.Release|Any CPU.Build.0 = Release|Any CPU
		{FD024A09-8C7A-4D9F-8290-381EDC62B2BF}.Debug|Any CPU.ActiveCfg = Debug|Any CPU
		{FD024A09-8C7A-4D9F-8290-381EDC62B2BF}.Debug|Any CPU.Build.0 = Debug|Any CPU
		{FD024A09-8C7A-4D9F-8290-381EDC62B2BF}.Release|Any CPU.ActiveCfg = Release|Any CPU
		{FD024A09-8C7A-4D9F-8290-381EDC62B2BF}.Release|Any CPU.Build.0 = Release|Any CPU
		{90B6F4C0-4A9A-4614-B783-4F3FC788A467}.Debug|Any CPU.ActiveCfg = Debug|Any CPU
		{90B6F4C0-4A9A-4614-B783-4F3FC788A467}.Debug|Any CPU.Build.0 = Debug|Any CPU
		{90B6F4C0-4A9A-4614-B783-4F3FC788A467}.Release|Any CPU.ActiveCfg = Release|Any CPU
		{90B6F4C0-4A9A-4614-B783-4F3FC788A467}.Release|Any CPU.Build.0 = Release|Any CPU
	EndGlobalSection
	GlobalSection(SolutionProperties) = preSolution
		HideSolutionNode = FALSE
	EndGlobalSection
	GlobalSection(ExtensibilityGlobals) = postSolution
		SolutionGuid = {20D47C50-1F66-496E-9054-29C71329CC77}
	EndGlobalSection
EndGlobal
